version: 1
checksums:
  f64d9412254847de2e16d823aba87fe4:
    fm-attr-title: 03857af7e481c17fbade6974b0f7e696
    fm-attr-description: e1ffc0c35d5f7d53bbc188d16d0c105d
    fm-attr-author: 4cdb75a759bee0a727795110928e2dc4
  ee988654894b95b07c76eaa64c2cc1c6:
    fm-attr-title: 465cd5883b676bb8323a1be492b25f3c
    fm-attr-description: f34fdb033b3efb47d84eb6a6c87dbda8
    fm-attr-author: 4cdb75a759bee0a727795110928e2dc4
  251e5f1b5779ca05a751cae15ac02a85:
    fm-attr-title: 2e83c8237bceb7fa05e38d76d134a8e4
    fm-attr-description: 21322647429408f36a6db5ddfb112d6d
    fm-attr-author: 4cdb75a759bee0a727795110928e2dc4
  d21383f1724052a65baea9ac97dd134d:
    fm-attr-title: b02c463d45020b0062ef68490481f360
    fm-attr-description: b8227fb3d7f27092f343ceb34ece2f55
    fm-attr-author: 4cdb75a759bee0a727795110928e2dc4
  0d6368fff5fdcce6b7d0e3c1951df659:
    fm-attr-title: 574c4ad57a1a0e204768a02b77c2fedf
    fm-attr-description: 6eef4911c4e2beb06be0d6d24818dac4
    fm-attr-author: 4cdb75a759bee0a727795110928e2dc4
  68180c9c41d8e46b68d3099d2f969f38:
    md-section-0: 80c2da0049f590f81f21c7cfd9792b46
    md-section-1: 51adf33450cab2ef392e93147386647c
    md-section-2: e3fb5742d4220c7a0e5a45de407653f4
    md-section-3: 4ec41f939feaf8229b3bb3657bc0d575
    md-section-4: 51adf33450cab2ef392e93147386647c
    md-section-5: 6918df180ccfac36eb8f23ada0eeb726
    md-section-6: ed38037ec656614e82007a161491db61
    md-section-7: 51adf33450cab2ef392e93147386647c
    md-section-8: 3c1b625c5a440e6ddd23db9e0414781f
    md-section-9: e9125d8416a9ddcf3fc41079dadc03c7
    md-section-10: 51adf33450cab2ef392e93147386647c
    md-section-11: 627e8cdc52f3de1ef0823d2544d1c100
    md-section-12: 83770408f590ee631a6b4d9c34f46435
    md-section-13: 51adf33450cab2ef392e93147386647c
    md-section-14: 28f5a536129a4e835b277fe8d742cc25
    md-section-15: 0dc7a2f2bb702d52d79835f076852f33
    md-section-16: 51adf33450cab2ef392e93147386647c
    md-section-17: f19519ff35806c4ac10419d33f8a670f
    md-section-18: 1c330f20d6bbb805326893f089089b9f
    md-section-19: 51adf33450cab2ef392e93147386647c
    md-section-20: 3b94995ae678455e3dd391574052536d
    md-section-21: 45e9dd5ea8956eea4eb8dbf33a1cae43
    fm-attr-title: 9e56b7313fe2c3fe2a8adbaa0a1bc130
    fm-attr-description: 514ffbd82088ffc04f41b0995607231f
    fm-attr-author: 4cdb75a759bee0a727795110928e2dc4
