version: 1
checksums:
  f64d9412254847de2e16d823aba87fe4:
    fm-attr-title: 03857af7e481c17fbade6974b0f7e696
    fm-attr-description: e1ffc0c35d5f7d53bbc188d16d0c105d
    fm-attr-author: 4cdb75a759bee0a727795110928e2dc4
  ee988654894b95b07c76eaa64c2cc1c6:
    fm-attr-title: 465cd5883b676bb8323a1be492b25f3c
    fm-attr-description: f34fdb033b3efb47d84eb6a6c87dbda8
    fm-attr-author: 4cdb75a759bee0a727795110928e2dc4
  251e5f1b5779ca05a751cae15ac02a85:
    fm-attr-title: 2e83c8237bceb7fa05e38d76d134a8e4
    fm-attr-description: 21322647429408f36a6db5ddfb112d6d
    fm-attr-author: 4cdb75a759bee0a727795110928e2dc4
  d21383f1724052a65baea9ac97dd134d:
    fm-attr-title: b02c463d45020b0062ef68490481f360
    fm-attr-description: b8227fb3d7f27092f343ceb34ece2f55
    fm-attr-author: 4cdb75a759bee0a727795110928e2dc4
  0d6368fff5fdcce6b7d0e3c1951df659:
    fm-attr-title: 574c4ad57a1a0e204768a02b77c2fedf
    fm-attr-description: 6eef4911c4e2beb06be0d6d24818dac4
    fm-attr-author: 4cdb75a759bee0a727795110928e2dc4
  68180c9c41d8e46b68d3099d2f969f38:
    md-section-0: b158ec565c779ec23a0a3f6f728f6ab2
    md-section-1: 51adf33450cab2ef392e93147386647c
    md-section-2: 77d4e4d26fb8b9b646643b7d15907b93
    md-section-3: ee056b05e97c6edeacd3d44f1a0779c1
    md-section-4: 51adf33450cab2ef392e93147386647c
    md-section-5: e7a8b2be9ccb32e9a440a5e5dec03594
    md-section-6: 0deb0c05bafb1e1bd9d653f700b4b1b1
    md-section-7: 51adf33450cab2ef392e93147386647c
    md-section-8: 0281bfe504f081cf8d443b3ca5ffdc68
    md-section-9: 50cdfb5b272f4fee4833324b3ba19ecb
    md-section-10: 51adf33450cab2ef392e93147386647c
    md-section-11: 7d241ea991b46e6f437b483d323de9af
    md-section-12: 1c42d6b40aa6a4cfab83926273d068cd
    md-section-13: 51adf33450cab2ef392e93147386647c
    md-section-14: 505d11581131aec3315c5c87e1be660e
    md-section-15: b75f66cbde1aa5acde9c01a7a26c5772
    md-section-16: d71057cb379599d7a2ba0c339c48b320
    md-section-17: b4d3277a4ee5d4877262811e8c8235c5
    md-section-18: 51adf33450cab2ef392e93147386647c
    md-section-19: c9ee83fd92e441bc463c2966cee0bf24
    md-section-20: 6f4ecfe75c578fb6e07716f0c8b92872
    md-section-21: 51adf33450cab2ef392e93147386647c
    md-section-22: ee0efa1b00793de19d30508c3eba6456
    md-section-23: 7719a5e4da181ecb1608e5bfd91b1eb5
    md-section-24: 51adf33450cab2ef392e93147386647c
    md-section-25: aa19a59102f878b509419dcb7b3bbc1e
    md-section-26: a9090b4d2d5b9d345657dbcb39967f85
    md-section-27: 51adf33450cab2ef392e93147386647c
    md-section-28: 21f98970cdd4d699b9e24754fffcf984
    md-section-29: 4a599fabf3e5c3e4b788cd76c7769585
    fm-attr-title: f2e7be5af7bb7a0542250479cdcbea20
    fm-attr-description: 6ae1f37d6f9248eef2a878efbc2c579a
    fm-attr-author: 4cdb75a759bee0a727795110928e2dc4
  1ce83454adccaa5290bdb1700f36c9e7:
    md-section-0: 9669244563ca5b04149a2c93f46f1581
    md-section-1: 51adf33450cab2ef392e93147386647c
    md-section-2: 3b5b51846718e5405bc2d51079117151
    md-section-3: 4cc4a1411a00b38a75decf51baf5bd31
    md-section-4: 84bc2fe50b26083b31eccab57ab14721
    md-section-5: 57c6f7ff5b7bc7b6bf54e85ecb4fb0be
    md-section-6: 0406f2749f1acc3a393791d347183585
    md-section-7: 4f58a113644758c56a11fc203e755205
    md-section-8: 93ac22f65e8abaab0109cf1b71d9588c
    md-section-9: 548c9d8d91ecf4dacc72d8056e509c1d
    md-section-10: 51adf33450cab2ef392e93147386647c
    md-section-11: 23fb088da558c2e570fee466fae4ced8
    md-section-12: ad6de23c1e0c7dbb56e3d1390c6d4d44
    fm-attr-title: 8ec76f555998500e92ccb8bb52bc73c4
    fm-attr-description: 98e55c325a94059f0010fb02686fd45d
    fm-attr-author: 4cdb75a759bee0a727795110928e2dc4
